
Microsoft Visual Studio Solution File, Format Version 11.00
# Visual Studio 2010
Project("{FAE04EC0-301F-11D3-BF4B-00C04F79EFBC}") = "IdeoneClient", "src\IdeoneClient\IdeoneClient.csproj", "{D3FF20B2-D9C0-462A-9D7B-76B02CC37F3E}"
EndProject
Project("{2150E333-8FDC-42A3-9474-1A3956D46DE8}") = "src", "src", "{62994D87-AFE8-4F58-A37C-3D20C9B9644F}"
EndProject
Project("{2150E333-8FDC-42A3-9474-1A3956D46DE8}") = "tests", "tests", "{E3A872BF-F456-4E2E-A4A1-2721A7127C99}"
EndProject
Project("{FAE04EC0-301F-11D3-BF4B-00C04F79EFBC}") = "IdeoneClient.Tests", "tests\IdeoneClient.Tests\IdeoneClient.Tests.csproj", "{7F768BA6-EB06-4590-93B7-50EAC19F1FD8}"
EndProject
Global
	GlobalSection(SolutionConfigurationPlatforms) = preSolution
		Debug|Any CPU = Debug|Any CPU
		Release|Any CPU = Release|Any CPU
	EndGlobalSection
	GlobalSection(ProjectConfigurationPlatforms) = postSolution
		{D3FF20B2-D9C0-462A-9D7B-76B02CC37F3E}.Debug|Any CPU.ActiveCfg = Debug|Any CPU
		{D3FF20B2-D9C0-462A-9D7B-76B02CC37F3E}.Debug|Any CPU.Build.0 = Debug|Any CPU
		{D3FF20B2-D9C0-462A-9D7B-76B02CC37F3E}.Release|Any CPU.ActiveCfg = Release|Any CPU
		{D3FF20B2-D9C0-462A-9D7B-76B02CC37F3E}.Release|Any CPU.Build.0 = Release|Any CPU
		{7F768BA6-EB06-4590-93B7-50EAC19F1FD8}.Debug|Any CPU.ActiveCfg = Debug|Any CPU
		{7F768BA6-EB06-4590-93B7-50EAC19F1FD8}.Debug|Any CPU.Build.0 = Debug|Any CPU
		{7F768BA6-EB06-4590-93B7-50EAC19F1FD8}.Release|Any CPU.ActiveCfg = Release|Any CPU
		{7F768BA6-EB06-4590-93B7-50EAC19F1FD8}.Release|Any CPU.Build.0 = Release|Any CPU
	EndGlobalSection
	GlobalSection(SolutionProperties) = preSolution
		HideSolutionNode = FALSE
	EndGlobalSection
	GlobalSection(NestedProjects) = preSolution
		{D3FF20B2-D9C0-462A-9D7B-76B02CC37F3E} = {62994D87-AFE8-4F58-A37C-3D20C9B9644F}
		{7F768BA6-EB06-4590-93B7-50EAC19F1FD8} = {E3A872BF-F456-4E2E-A4A1-2721A7127C99}
	EndGlobalSection
EndGlobal
